
Microsoft Visual Studio Solution File, Format Version 12.00
# Visual Studio Version 17
VisualStudioVersion = 17.12.35707.178 d17.12
MinimumVisualStudioVersion = 10.0.40219.1
Project("{FAE04EC0-301F-11D3-BF4B-00C04F79EFBC}") = "L01_2022RR656_2022ZL650", "L01_2022RR656_2022ZL650\L01_2022RR656_2022ZL650.csproj", "{FBDB292D-C201-4D04-BA30-CA02ACC752FF}"
EndProject
Global
	GlobalSection(SolutionConfigurationPlatforms) = preSolution
		Debug|Any CPU = Debug|Any CPU
		Release|Any CPU = Release|Any CPU
	EndGlobalSection
	GlobalSection(ProjectConfigurationPlatforms) = postSolution
		{FBDB292D-C201-4D04-BA30-CA02ACC752FF}.Debug|Any CPU.ActiveCfg = Debug|Any CPU
		{FBDB292D-C201-4D04-BA30-CA02ACC752FF}.Debug|Any CPU.Build.0 = Debug|Any CPU
		{FBDB292D-C201-4D04-BA30-CA02ACC752FF}.Release|Any CPU.ActiveCfg = Release|Any CPU
		{FBDB292D-C201-4D04-BA30-CA02ACC752FF}.Release|Any CPU.Build.0 = Release|Any CPU
	EndGlobalSection
	GlobalSection(SolutionProperties) = preSolution
		HideSolutionNode = FALSE
	EndGlobalSection
EndGlobal
